
Microsoft Visual Studio Solution File, Format Version 12.00
# Visual Studio Version 17
VisualStudioVersion = 17.14.36414.22
MinimumVisualStudioVersion = 10.0.40219.1
Project("{FAE04EC0-301F-11D3-BF4B-00C04F79EFBC}") = "DiarioSistema", "DiarioSistema\DiarioSistema.csproj", "{54DC4FBE-6EF6-4D8E-BDB4-A7F38F6F3EC9}"
EndProject
Project("{FAE04EC0-301F-11D3-BF4B-00C04F79EFBC}") = "RegistroEventos", "RegistroEventos\RegistroEventos.csproj", "{B7FB4CE9-4F76-4AD0-A462-D1E124680381}"
EndProject
Project("{FAE04EC0-301F-11D3-BF4B-00C04F79EFBC}") = "SistemaBiblioteca", "SistemaBiblioteca\SistemaBiblioteca.csproj", "{FDEB3F5B-DE80-47A5-94E0-1BDA0943F15B}"
EndProject
Project("{FAE04EC0-301F-11D3-BF4B-00C04F79EFBC}") = "SistemaGestionEstudiantes", "SistemaGestionEstudiantes\SistemaGestionEstudiantes.csproj", "{D9DCCF8C-B590-4BAE-B5C4-1242AA7BC431}"
EndProject
Project("{FAE04EC0-301F-11D3-BF4B-00C04F79EFBC}") = "SistemaGestionEstudiantesV2", "SistemaGestionEstudiantesV2\SistemaGestionEstudiantesV2.csproj", "{A759967C-27C2-DC1B-E2F3-A07C84F9646D}"
EndProject
Global
	GlobalSection(SolutionConfigurationPlatforms) = preSolution
		Debug|Any CPU = Debug|Any CPU
		Release|Any CPU = Release|Any CPU
	EndGlobalSection
	GlobalSection(ProjectConfigurationPlatforms) = postSolution
		{54DC4FBE-6EF6-4D8E-BDB4-A7F38F6F3EC9}.Debug|Any CPU.ActiveCfg = Debug|Any CPU
		{54DC4FBE-6EF6-4D8E-BDB4-A7F38F6F3EC9}.Debug|Any CPU.Build.0 = Debug|Any CPU
		{54DC4FBE-6EF6-4D8E-BDB4-A7F38F6F3EC9}.Release|Any CPU.ActiveCfg = Release|Any CPU
		{54DC4FBE-6EF6-4D8E-BDB4-A7F38F6F3EC9}.Release|Any CPU.Build.0 = Release|Any CPU
		{B7FB4CE9-4F76-4AD0-A462-D1E124680381}.Debug|Any CPU.ActiveCfg = Debug|Any CPU
		{B7FB4CE9-4F76-4AD0-A462-D1E124680381}.Debug|Any CPU.Build.0 = Debug|Any CPU
		{B7FB4CE9-4F76-4AD0-A462-D1E124680381}.Release|Any CPU.ActiveCfg = Release|Any CPU
		{B7FB4CE9-4F76-4AD0-A462-D1E124680381}.Release|Any CPU.Build.0 = Release|Any CPU
		{FDEB3F5B-DE80-47A5-94E0-1BDA0943F15B}.Debug|Any CPU.ActiveCfg = Debug|Any CPU
		{FDEB3F5B-DE80-47A5-94E0-1BDA0943F15B}.Debug|Any CPU.Build.0 = Debug|Any CPU
		{FDEB3F5B-DE80-47A5-94E0-1BDA0943F15B}.Release|Any CPU.ActiveCfg = Release|Any CPU
		{FDEB3F5B-DE80-47A5-94E0-1BDA0943F15B}.Release|Any CPU.Build.0 = Release|Any CPU
		{D9DCCF8C-B590-4BAE-B5C4-1242AA7BC431}.Debug|Any CPU.ActiveCfg = Debug|Any CPU
		{D9DCCF8C-B590-4BAE-B5C4-1242AA7BC431}.Debug|Any CPU.Build.0 = Debug|Any CPU
		{D9DCCF8C-B590-4BAE-B5C4-1242AA7BC431}.Release|Any CPU.ActiveCfg = Release|Any CPU
		{D9DCCF8C-B590-4BAE-B5C4-1242AA7BC431}.Release|Any CPU.Build.0 = Release|Any CPU
		{A759967C-27C2-DC1B-E2F3-A07C84F9646D}.Debug|Any CPU.ActiveCfg = Debug|Any CPU
		{A759967C-27C2-DC1B-E2F3-A07C84F9646D}.Debug|Any CPU.Build.0 = Debug|Any CPU
		{A759967C-27C2-DC1B-E2F3-A07C84F9646D}.Release|Any CPU.ActiveCfg = Release|Any CPU
		{A759967C-27C2-DC1B-E2F3-A07C84F9646D}.Release|Any CPU.Build.0 = Release|Any CPU
	EndGlobalSection
	GlobalSection(SolutionProperties) = preSolution
		HideSolutionNode = FALSE
	EndGlobalSection
	GlobalSection(ExtensibilityGlobals) = postSolution
		SolutionGuid = {D7AB0BF7-7AD1-4FC5-9760-96CE74209E83}
	EndGlobalSection
EndGlobal
