
Microsoft Visual Studio Solution File, Format Version 12.00
# Visual Studio Version 17
VisualStudioVersion = 17.1.32228.430
MinimumVisualStudioVersion = 10.0.40219.1
Project("{9A19103F-16F7-4668-BE54-9A1E7A4F7556}") = "EjemploArchivos", "EjemploArchivos\EjemploArchivos.csproj", "{0241A9E8-5EB6-4D7A-B7B0-5C8EA59DE7F1}"
EndProject
Project("{9A19103F-16F7-4668-BE54-9A1E7A4F7556}") = "BibliotecaBanco", "BibliotecaBanco\BibliotecaBanco.csproj", "{5FDB4BF0-1322-49D9-A6C4-F5F664D72E1D}"
EndProject
Project("{9A19103F-16F7-4668-BE54-9A1E7A4F7556}") = "CrearArchivo", "CrearArchivo\CrearArchivo.csproj", "{F326F52D-F720-41ED-A0CA-8A467D62B345}"
EndProject
Project("{9A19103F-16F7-4668-BE54-9A1E7A4F7556}") = "LeerArchivo", "LeerArchivo\LeerArchivo.csproj", "{8E743E82-DD0B-437C-ADE7-7E275F6BC727}"
EndProject
Project("{9A19103F-16F7-4668-BE54-9A1E7A4F7556}") = "ConsultaCredito", "ConsultaCredito\ConsultaCredito.csproj", "{A9150297-119F-4626-8D49-6C99567BB0B1}"
EndProject
Project("{9A19103F-16F7-4668-BE54-9A1E7A4F7556}") = "PruebaArchivos", "PruebaArchivos\PruebaArchivos.csproj", "{DF9F868A-2C95-4614-8EBA-1C965C97DAFC}"
EndProject
Project("{9A19103F-16F7-4668-BE54-9A1E7A4F7556}") = "PruebaMemoryStream", "PruebaMemoryStream\PruebaMemoryStream.csproj", "{26F5A544-C452-47AB-9378-B6D2D0E9D9AE}"
EndProject
Global
	GlobalSection(SolutionConfigurationPlatforms) = preSolution
		Debug|Any CPU = Debug|Any CPU
		Release|Any CPU = Release|Any CPU
	EndGlobalSection
	GlobalSection(ProjectConfigurationPlatforms) = postSolution
		{0241A9E8-5EB6-4D7A-B7B0-5C8EA59DE7F1}.Debug|Any CPU.ActiveCfg = Debug|Any CPU
		{0241A9E8-5EB6-4D7A-B7B0-5C8EA59DE7F1}.Debug|Any CPU.Build.0 = Debug|Any CPU
		{0241A9E8-5EB6-4D7A-B7B0-5C8EA59DE7F1}.Release|Any CPU.ActiveCfg = Release|Any CPU
		{0241A9E8-5EB6-4D7A-B7B0-5C8EA59DE7F1}.Release|Any CPU.Build.0 = Release|Any CPU
		{5FDB4BF0-1322-49D9-A6C4-F5F664D72E1D}.Debug|Any CPU.ActiveCfg = Debug|Any CPU
		{5FDB4BF0-1322-49D9-A6C4-F5F664D72E1D}.Debug|Any CPU.Build.0 = Debug|Any CPU
		{5FDB4BF0-1322-49D9-A6C4-F5F664D72E1D}.Release|Any CPU.ActiveCfg = Release|Any CPU
		{5FDB4BF0-1322-49D9-A6C4-F5F664D72E1D}.Release|Any CPU.Build.0 = Release|Any CPU
		{F326F52D-F720-41ED-A0CA-8A467D62B345}.Debug|Any CPU.ActiveCfg = Debug|Any CPU
		{F326F52D-F720-41ED-A0CA-8A467D62B345}.Debug|Any CPU.Build.0 = Debug|Any CPU
		{F326F52D-F720-41ED-A0CA-8A467D62B345}.Release|Any CPU.ActiveCfg = Release|Any CPU
		{F326F52D-F720-41ED-A0CA-8A467D62B345}.Release|Any CPU.Build.0 = Release|Any CPU
		{8E743E82-DD0B-437C-ADE7-7E275F6BC727}.Debug|Any CPU.ActiveCfg = Debug|Any CPU
		{8E743E82-DD0B-437C-ADE7-7E275F6BC727}.Debug|Any CPU.Build.0 = Debug|Any CPU
		{8E743E82-DD0B-437C-ADE7-7E275F6BC727}.Release|Any CPU.ActiveCfg = Release|Any CPU
		{8E743E82-DD0B-437C-ADE7-7E275F6BC727}.Release|Any CPU.Build.0 = Release|Any CPU
		{A9150297-119F-4626-8D49-6C99567BB0B1}.Debug|Any CPU.ActiveCfg = Debug|Any CPU
		{A9150297-119F-4626-8D49-6C99567BB0B1}.Debug|Any CPU.Build.0 = Debug|Any CPU
		{A9150297-119F-4626-8D49-6C99567BB0B1}.Release|Any CPU.ActiveCfg = Release|Any CPU
		{A9150297-119F-4626-8D49-6C99567BB0B1}.Release|Any CPU.Build.0 = Release|Any CPU
		{DF9F868A-2C95-4614-8EBA-1C965C97DAFC}.Debug|Any CPU.ActiveCfg = Debug|Any CPU
		{DF9F868A-2C95-4614-8EBA-1C965C97DAFC}.Debug|Any CPU.Build.0 = Debug|Any CPU
		{DF9F868A-2C95-4614-8EBA-1C965C97DAFC}.Release|Any CPU.ActiveCfg = Release|Any CPU
		{DF9F868A-2C95-4614-8EBA-1C965C97DAFC}.Release|Any CPU.Build.0 = Release|Any CPU
		{26F5A544-C452-47AB-9378-B6D2D0E9D9AE}.Debug|Any CPU.ActiveCfg = Debug|Any CPU
		{26F5A544-C452-47AB-9378-B6D2D0E9D9AE}.Debug|Any CPU.Build.0 = Debug|Any CPU
		{26F5A544-C452-47AB-9378-B6D2D0E9D9AE}.Release|Any CPU.ActiveCfg = Release|Any CPU
		{26F5A544-C452-47AB-9378-B6D2D0E9D9AE}.Release|Any CPU.Build.0 = Release|Any CPU
	EndGlobalSection
	GlobalSection(SolutionProperties) = preSolution
		HideSolutionNode = FALSE
	EndGlobalSection
	GlobalSection(ExtensibilityGlobals) = postSolution
		SolutionGuid = {A5572A15-14CB-4B1C-877E-BCA2C790074E}
	EndGlobalSection
EndGlobal
