
Microsoft Visual Studio Solution File, Format Version 12.00
# Visual Studio Version 17
VisualStudioVersion = 17.12.35527.113 d17.12
MinimumVisualStudioVersion = 10.0.40219.1
Project("{FAE04EC0-301F-11D3-BF4B-00C04F79EFBC}") = "Ejemplo01", "Ejemplo01\Ejemplo01.csproj", "{B9979E19-60CD-4CF3-90A9-839412C2FD3F}"
EndProject
Global
	GlobalSection(SolutionConfigurationPlatforms) = preSolution
		Debug|Any CPU = Debug|Any CPU
		Release|Any CPU = Release|Any CPU
	EndGlobalSection
	GlobalSection(ProjectConfigurationPlatforms) = postSolution
		{B9979E19-60CD-4CF3-90A9-839412C2FD3F}.Debug|Any CPU.ActiveCfg = Debug|Any CPU
		{B9979E19-60CD-4CF3-90A9-839412C2FD3F}.Debug|Any CPU.Build.0 = Debug|Any CPU
		{B9979E19-60CD-4CF3-90A9-839412C2FD3F}.Release|Any CPU.ActiveCfg = Release|Any CPU
		{B9979E19-60CD-4CF3-90A9-839412C2FD3F}.Release|Any CPU.Build.0 = Release|Any CPU
	EndGlobalSection
	GlobalSection(SolutionProperties) = preSolution
		HideSolutionNode = FALSE
	EndGlobalSection
EndGlobal
